
Microsoft Visual Studio Solution File, Format Version 12.00
# Visual Studio Version 17
VisualStudioVersion = 17.7.34024.191
MinimumVisualStudioVersion = 10.0.40219.1
Project("{8BC9CEB8-8B4A-11D0-8D11-00A0C91BC942}") = "Editor", "Editor\Editor.vcxproj", "{C6AE34C5-E2E8-4C99-8AFC-D17335E512FB}"
EndProject
Project("{8BC9CEB8-8B4A-11D0-8D11-00A0C91BC942}") = "AeonCore", "AeonCore\AeonCore.vcxproj", "{D6061EF7-D21E-43DA-A215-2F504EC32BEA}"
EndProject
Project("{FAE04EC0-301F-11D3-BF4B-00C04F79EFBC}") = "AeonScriptCore", "AeonScriptCore\AeonScriptCore.csproj", "{635D07F9-8523-434E-AF3A-89A72A057974}"
EndProject
Project("{8BC9CEB8-8B4A-11D0-8D11-00A0C91BC942}") = "Compiler", "Compiler\Compiler.vcxproj", "{35AA430A-D6DA-419B-9471-BE39E53C35E5}"
EndProject
Project("{8BC9CEB8-8B4A-11D0-8D11-00A0C91BC942}") = "Game", "Game\Game.vcxproj", "{0B696F21-6D38-4AD3-9B5A-095FFE2A32E3}"
	ProjectSection(ProjectDependencies) = postProject
		{D6061EF7-D21E-43DA-A215-2F504EC32BEA} = {D6061EF7-D21E-43DA-A215-2F504EC32BEA}
	EndProjectSection
EndProject
Global
	GlobalSection(SolutionConfigurationPlatforms) = preSolution
		Debug|x64 = Debug|x64
		Debug|x86 = Debug|x86
		Release|x64 = Release|x64
		Release|x86 = Release|x86
	EndGlobalSection
	GlobalSection(ProjectConfigurationPlatforms) = postSolution
		{C6AE34C5-E2E8-4C99-8AFC-D17335E512FB}.Debug|x64.ActiveCfg = Debug|x64
		{C6AE34C5-E2E8-4C99-8AFC-D17335E512FB}.Debug|x64.Build.0 = Debug|x64
		{C6AE34C5-E2E8-4C99-8AFC-D17335E512FB}.Debug|x86.ActiveCfg = Debug|x64
		{C6AE34C5-E2E8-4C99-8AFC-D17335E512FB}.Debug|x86.Build.0 = Debug|x64
		{C6AE34C5-E2E8-4C99-8AFC-D17335E512FB}.Release|x64.ActiveCfg = Release|x64
		{C6AE34C5-E2E8-4C99-8AFC-D17335E512FB}.Release|x64.Build.0 = Release|x64
		{C6AE34C5-E2E8-4C99-8AFC-D17335E512FB}.Release|x86.ActiveCfg = Release|x64
		{C6AE34C5-E2E8-4C99-8AFC-D17335E512FB}.Release|x86.Build.0 = Release|x64
		{D6061EF7-D21E-43DA-A215-2F504EC32BEA}.Debug|x64.ActiveCfg = Debug|x64
		{D6061EF7-D21E-43DA-A215-2F504EC32BEA}.Debug|x64.Build.0 = Debug|x64
		{D6061EF7-D21E-43DA-A215-2F504EC32BEA}.Debug|x86.ActiveCfg = Debug|x64
		{D6061EF7-D21E-43DA-A215-2F504EC32BEA}.Debug|x86.Build.0 = Debug|x64
		{D6061EF7-D21E-43DA-A215-2F504EC32BEA}.Release|x64.ActiveCfg = Release|x64
		{D6061EF7-D21E-43DA-A215-2F504EC32BEA}.Release|x64.Build.0 = Release|x64
		{D6061EF7-D21E-43DA-A215-2F504EC32BEA}.Release|x86.ActiveCfg = Release|x64
		{D6061EF7-D21E-43DA-A215-2F504EC32BEA}.Release|x86.Build.0 = Release|x64
		{635D07F9-8523-434E-AF3A-89A72A057974}.Debug|x64.ActiveCfg = Release|Any CPU
		{635D07F9-8523-434E-AF3A-89A72A057974}.Debug|x86.ActiveCfg = Release|Any CPU
		{635D07F9-8523-434E-AF3A-89A72A057974}.Debug|x86.Build.0 = Release|Any CPU
		{635D07F9-8523-434E-AF3A-89A72A057974}.Release|x64.ActiveCfg = Release|Any CPU
		{635D07F9-8523-434E-AF3A-89A72A057974}.Release|x64.Build.0 = Release|Any CPU
		{635D07F9-8523-434E-AF3A-89A72A057974}.Release|x86.ActiveCfg = Release|Any CPU
		{635D07F9-8523-434E-AF3A-89A72A057974}.Release|x86.Build.0 = Release|Any CPU
		{35AA430A-D6DA-419B-9471-BE39E53C35E5}.Debug|x64.ActiveCfg = Debug|x64
		{35AA430A-D6DA-419B-9471-BE39E53C35E5}.Debug|x64.Build.0 = Debug|x64
		{35AA430A-D6DA-419B-9471-BE39E53C35E5}.Debug|x86.ActiveCfg = Debug|x64
		{35AA430A-D6DA-419B-9471-BE39E53C35E5}.Release|x64.ActiveCfg = Release|x64
		{35AA430A-D6DA-419B-9471-BE39E53C35E5}.Release|x64.Build.0 = Release|x64
		{35AA430A-D6DA-419B-9471-BE39E53C35E5}.Release|x86.ActiveCfg = Release|x64
		{0B696F21-6D38-4AD3-9B5A-095FFE2A32E3}.Debug|x64.ActiveCfg = Debug|x64
		{0B696F21-6D38-4AD3-9B5A-095FFE2A32E3}.Debug|x64.Build.0 = Debug|x64
		{0B696F21-6D38-4AD3-9B5A-095FFE2A32E3}.Debug|x86.ActiveCfg = Debug|x64
		{0B696F21-6D38-4AD3-9B5A-095FFE2A32E3}.Debug|x86.Build.0 = Debug|x64
		{0B696F21-6D38-4AD3-9B5A-095FFE2A32E3}.Release|x64.ActiveCfg = Release|x64
		{0B696F21-6D38-4AD3-9B5A-095FFE2A32E3}.Release|x64.Build.0 = Release|x64
		{0B696F21-6D38-4AD3-9B5A-095FFE2A32E3}.Release|x86.ActiveCfg = Release|x64
		{0B696F21-6D38-4AD3-9B5A-095FFE2A32E3}.Release|x86.Build.0 = Release|x64
	EndGlobalSection
	GlobalSection(SolutionProperties) = preSolution
		HideSolutionNode = FALSE
	EndGlobalSection
	GlobalSection(ExtensibilityGlobals) = postSolution
		SolutionGuid = {C2CDCC1E-71ED-406D-BB70-14B40F125ADB}
	EndGlobalSection
EndGlobal
