
Microsoft Visual Studio Solution File, Format Version 12.00
# Visual Studio Version 17
VisualStudioVersion = 17.7.34221.43
MinimumVisualStudioVersion = 10.0.40219.1
Project("{FAE04EC0-301F-11D3-BF4B-00C04F79EFBC}") = "AeonScripts", "AeonScripts.csproj", "{C9488868-11A0-453B-81CB-6A0D61542F64}"
EndProject
Global
	GlobalSection(SolutionConfigurationPlatforms) = preSolution
		Debug|Any CPU = Debug|Any CPU
		Release|Any CPU = Release|Any CPU
	EndGlobalSection
	GlobalSection(ProjectConfigurationPlatforms) = postSolution
		{C9488868-11A0-453B-81CB-6A0D61542F64}.Debug|Any CPU.ActiveCfg = Release|Any CPU
		{C9488868-11A0-453B-81CB-6A0D61542F64}.Release|Any CPU.ActiveCfg = Release|Any CPU
		{C9488868-11A0-453B-81CB-6A0D61542F64}.Release|Any CPU.Build.0 = Release|Any CPU
	EndGlobalSection
	GlobalSection(SolutionProperties) = preSolution
		HideSolutionNode = FALSE
	EndGlobalSection
	GlobalSection(ExtensibilityGlobals) = postSolution
		SolutionGuid = {DDEB18F2-F895-47A9-8CE0-239B94F05E04}
	EndGlobalSection
EndGlobal
